
Microsoft Visual Studio Solution File, Format Version 12.00
# Visual Studio 15
VisualStudioVersion = 15.0.28307.271
MinimumVisualStudioVersion = 10.0.40219.1
Project("{9A19103F-16F7-4668-BE54-9A1E7A4F7556}") = "BankAccount", "BankAccount\BankAccount.csproj", "{9AD9F2B9-AAA9-4F01-8F84-8CF20656A6AE}"
EndProject
Project("{FAE04EC0-301F-11D3-BF4B-00C04F79EFBC}") = "Utility.cs", "Utility.cs\Utility.cs.csproj", "{AE35CC1D-EE24-4301-A792-E3B0C25A7F61}"
EndProject
Global
	GlobalSection(SolutionConfigurationPlatforms) = preSolution
		Debug|Any CPU = Debug|Any CPU
		Release|Any CPU = Release|Any CPU
	EndGlobalSection
	GlobalSection(ProjectConfigurationPlatforms) = postSolution
		{9AD9F2B9-AAA9-4F01-8F84-8CF20656A6AE}.Debug|Any CPU.ActiveCfg = Debug|Any CPU
		{9AD9F2B9-AAA9-4F01-8F84-8CF20656A6AE}.Debug|Any CPU.Build.0 = Debug|Any CPU
		{9AD9F2B9-AAA9-4F01-8F84-8CF20656A6AE}.Release|Any CPU.ActiveCfg = Release|Any CPU
		{9AD9F2B9-AAA9-4F01-8F84-8CF20656A6AE}.Release|Any CPU.Build.0 = Release|Any CPU
		{AE35CC1D-EE24-4301-A792-E3B0C25A7F61}.Debug|Any CPU.ActiveCfg = Debug|Any CPU
		{AE35CC1D-EE24-4301-A792-E3B0C25A7F61}.Debug|Any CPU.Build.0 = Debug|Any CPU
		{AE35CC1D-EE24-4301-A792-E3B0C25A7F61}.Release|Any CPU.ActiveCfg = Release|Any CPU
		{AE35CC1D-EE24-4301-A792-E3B0C25A7F61}.Release|Any CPU.Build.0 = Release|Any CPU
	EndGlobalSection
	GlobalSection(SolutionProperties) = preSolution
		HideSolutionNode = FALSE
	EndGlobalSection
	GlobalSection(ExtensibilityGlobals) = postSolution
		SolutionGuid = {22BB6AA9-E015-4D31-A5A1-C0F74A0C3823}
	EndGlobalSection
EndGlobal
